# @generated by Move, please check-in and do not edit manually.

[move]
version = 3
manifest_digest = "6B3D907203480149F1D760AB3AC8448876D00CD7627E745F05CBE49ECB4220DB"
deps_digest = "F8BBB0CCB2491CA29A3DF03D6F92277A4F3574266507ACD77214D37ECA3F3082"
dependencies = [
  { id = "Sui", name = "Sui" },
]

[[move.package]]
id = "MoveStdlib"
source = { git = "https://github.com/MystenLabs/sui.git", rev = "main", subdir = "crates\\sui-framework\\packages\\move-stdlib" }

[[move.package]]
id = "Sui"
source = { git = "https://github.com/MystenLabs/sui.git", rev = "main", subdir = "crates/sui-framework/packages/sui-framework" }

dependencies = [
  { id = "MoveStdlib", name = "MoveStdlib" },
]

[move.toolchain-version]
compiler-version = "1.51.2"
edition = "2024.beta"
flavor = "sui"

[env]

[env.testnet]
chain-id = "4c78adac"
original-published-id = "0x4701dd624a570585650108cb43973ea65aaf64cb23866cc46a1e73ca4c3bd1e8"
latest-published-id = "0x4701dd624a570585650108cb43973ea65aaf64cb23866cc46a1e73ca4c3bd1e8"
published-version = "1"
